{
  "name": "error-if-not-primitive-or-array",
  "version": "1.0.2",
  "lockfileVersion": 1,
  "requires": true,
  "dependencies": {
    "@writetome51/is-array-not-array": {
      "version": "1.0.0",
      "resolved": "https://registry.npmjs.org/@writetome51/is-array-not-array/-/is-array-not-array-1.0.0.tgz",
      "integrity": "sha512-u3L1FTbTXKbC1lBVSnBwJ24qtrnyz10IbSAk7E9UgoYnn7jFw9+HuIVseoSIxPnPbn6JXesPDVLI/MYSey4rJQ=="
    }
  }
}
